
Microsoft Visual Studio Solution File, Format Version 12.00
# Visual Studio Version 16
VisualStudioVersion = 16.0.31605.320
MinimumVisualStudioVersion = 10.0.40219.1
Project("{888888A0-9F3D-457C-B088-3A5042F75D52}") = "PROJE", "PROJE\PROJE.pyproj", "{5A306239-E5DC-42F6-B212-BCB321B9456D}"
EndProject
Global
	GlobalSection(SolutionConfigurationPlatforms) = preSolution
		Debug|Any CPU = Debug|Any CPU
		Release|Any CPU = Release|Any CPU
	EndGlobalSection
	GlobalSection(ProjectConfigurationPlatforms) = postSolution
		{5A306239-E5DC-42F6-B212-BCB321B9456D}.Debug|Any CPU.ActiveCfg = Debug|Any CPU
		{5A306239-E5DC-42F6-B212-BCB321B9456D}.Release|Any CPU.ActiveCfg = Release|Any CPU
	EndGlobalSection
	GlobalSection(SolutionProperties) = preSolution
		HideSolutionNode = FALSE
	EndGlobalSection
	GlobalSection(ExtensibilityGlobals) = postSolution
		SolutionGuid = {FE548F15-BE51-4632-9417-1C5132AA4444}
	EndGlobalSection
EndGlobal
